
Microsoft Visual Studio Solution File, Format Version 12.00
# Visual Studio Version 16
VisualStudioVersion = 16.0.30011.22
MinimumVisualStudioVersion = 10.0.40219.1
Project("{FAE04EC0-301F-11D3-BF4B-00C04F79EFBC}") = "TimeLeapse", "TimeLeapse\TimeLeapse.csproj", "{F283E168-B8D0-45A9-937D-79C9477BE9CC}"
EndProject
Project("{FAE04EC0-301F-11D3-BF4B-00C04F79EFBC}") = "DateTimePicktest", "DateTimePicktest\DateTimePicktest.csproj", "{30055BB5-7196-4436-A5B4-94C574C5982B}"
EndProject
Project("{FAE04EC0-301F-11D3-BF4B-00C04F79EFBC}") = "appendtxt", "appendtxt\appendtxt.csproj", "{0221B635-DB59-42ED-89C9-1901B6F6D423}"
EndProject
Global
	GlobalSection(SolutionConfigurationPlatforms) = preSolution
		Debug|Any CPU = Debug|Any CPU
		Release|Any CPU = Release|Any CPU
	EndGlobalSection
	GlobalSection(ProjectConfigurationPlatforms) = postSolution
		{F283E168-B8D0-45A9-937D-79C9477BE9CC}.Debug|Any CPU.ActiveCfg = Debug|Any CPU
		{F283E168-B8D0-45A9-937D-79C9477BE9CC}.Debug|Any CPU.Build.0 = Debug|Any CPU
		{F283E168-B8D0-45A9-937D-79C9477BE9CC}.Release|Any CPU.ActiveCfg = Release|Any CPU
		{F283E168-B8D0-45A9-937D-79C9477BE9CC}.Release|Any CPU.Build.0 = Release|Any CPU
		{30055BB5-7196-4436-A5B4-94C574C5982B}.Debug|Any CPU.ActiveCfg = Debug|Any CPU
		{30055BB5-7196-4436-A5B4-94C574C5982B}.Debug|Any CPU.Build.0 = Debug|Any CPU
		{30055BB5-7196-4436-A5B4-94C574C5982B}.Release|Any CPU.ActiveCfg = Release|Any CPU
		{30055BB5-7196-4436-A5B4-94C574C5982B}.Release|Any CPU.Build.0 = Release|Any CPU
		{0221B635-DB59-42ED-89C9-1901B6F6D423}.Debug|Any CPU.ActiveCfg = Debug|Any CPU
		{0221B635-DB59-42ED-89C9-1901B6F6D423}.Debug|Any CPU.Build.0 = Debug|Any CPU
		{0221B635-DB59-42ED-89C9-1901B6F6D423}.Release|Any CPU.ActiveCfg = Release|Any CPU
		{0221B635-DB59-42ED-89C9-1901B6F6D423}.Release|Any CPU.Build.0 = Release|Any CPU
	EndGlobalSection
	GlobalSection(SolutionProperties) = preSolution
		HideSolutionNode = FALSE
	EndGlobalSection
	GlobalSection(ExtensibilityGlobals) = postSolution
		SolutionGuid = {8EEFF5B4-5983-4258-9B41-791D0AB011D7}
	EndGlobalSection
EndGlobal
